// !$*UTF8*$!
{
	archiveVersion = 1;
	classes = {
	};
	objectVersion = 56;
	objects = {

/* Begin PBXBuildFile section */
		8CC4FE032C97389E0080CC54 /* VerseaApp.swift in Sources */ = {isa = PBXBuildFile; fileRef = 8CC4FE022C97389E0080CC54 /* VerseaApp.swift */; };
		8CC4FE052C97389E0080CC54 /* ContentView.swift in Sources */ = {isa = PBXBuildFile; fileRef = 8CC4FE042C97389E0080CC54 /* ContentView.swift */; };
		8CC4FE072C97389E0080CC54 /* Item.swift in Sources */ = {isa = PBXBuildFile; fileRef = 8CC4FE062C97389E0080CC54 /* Item.swift */; };
		8CC4FE092C9738A00080CC54 /* Assets.xcassets in Resources */ = {isa = PBXBuildFile; fileRef = 8CC4FE082C9738A00080CC54 /* Assets.xcassets */; };
		8CC4FE0D2C9738A00080CC54 /* Preview Assets.xcassets in Resources */ = {isa = PBXBuildFile; fileRef = 8CC4FE0C2C9738A00080CC54 /* Preview Assets.xcassets */; };
		8CC4FE172C9738A00080CC54 /* VerseaTests.swift in Sources */ = {isa = PBXBuildFile; fileRef = 8CC4FE162C9738A00080CC54 /* VerseaTests.swift */; };
		8CC4FE212C9738A00080CC54 /* VerseaUITests.swift in Sources */ = {isa = PBXBuildFile; fileRef = 8CC4FE202C9738A00080CC54 /* VerseaUITests.swift */; };
		8CC4FE232C9738A00080CC54 /* VerseaUITestsLaunchTests.swift in Sources */ = {isa = PBXBuildFile; fileRef = 8CC4FE222C9738A00080CC54 /* VerseaUITestsLaunchTests.swift */; };
/* End PBXBuildFile section */

/* Begin PBXContainerItemProxy section */
		8CC4FE132C9738A00080CC54 /* PBXContainerItemProxy */ = {
			isa = PBXContainerItemProxy;
			containerPortal = 8CC4FDF72C97389E0080CC54 /* Project object */;
			proxyType = 1;
			remoteGlobalIDString = 8CC4FDFE2C97389E0080CC54;
			remoteInfo = Versea;
		};
		8CC4FE1D2C9738A00080CC54 /* PBXContainerItemProxy */ = {
			isa = PBXContainerItemProxy;
			containerPortal = 8CC4FDF72C97389E0080CC54 /* Project object */;
			proxyType = 1;
			remoteGlobalIDString = 8CC4FDFE2C97389E0080CC54;
			remoteInfo = Versea;
		};
/* End PBXContainerItemProxy section */

/* Begin PBXFileReference section */
		8CC4FDFF2C97389E0080CC54 /* Versea.app */ = {isa = PBXFileReference; explicitFileType = wrapper.application; includeInIndex = 0; path = Versea.app; sourceTree = BUILT_PRODUCTS_DIR; };
		8CC4FE022C97389E0080CC54 /* VerseaApp.swift */ = {isa = PBXFileReference; lastKnownFileType = sourcecode.swift; path = VerseaApp.swift; sourceTree = "<group>"; };
		8CC4FE042C97389E0080CC54 /* ContentView.swift */ = {isa = PBXFileReference; lastKnownFileType = sourcecode.swift; path = ContentView.swift; sourceTree = "<group>"; };
		8CC4FE062C97389E0080CC54 /* Item.swift */ = {isa = PBXFileReference; lastKnownFileType = sourcecode.swift; path = Item.swift; sourceTree = "<group>"; };
		8CC4FE082C9738A00080CC54 /* Assets.xcassets */ = {isa = PBXFileReference; lastKnownFileType = folder.assetcatalog; path = Assets.xcassets; sourceTree = "<group>"; };
		8CC4FE0A2C9738A00080CC54 /* Versea.entitlements */ = {isa = PBXFileReference; lastKnownFileType = text.plist.entitlements; path = Versea.entitlements; sourceTree = "<group>"; };
		8CC4FE0C2C9738A00080CC54 /* Preview Assets.xcassets */ = {isa = PBXFileReference; lastKnownFileType = folder.assetcatalog; path = "Preview Assets.xcassets"; sourceTree = "<group>"; };
		8CC4FE122C9738A00080CC54 /* VerseaTests.xctest */ = {isa = PBXFileReference; explicitFileType = wrapper.cfbundle; includeInIndex = 0; path = VerseaTests.xctest; sourceTree = BUILT_PRODUCTS_DIR; };
		8CC4FE162C9738A00080CC54 /* VerseaTests.swift */ = {isa = PBXFileReference; lastKnownFileType = sourcecode.swift; path = VerseaTests.swift; sourceTree = "<group>"; };
		8CC4FE1C2C9738A00080CC54 /* VerseaUITests.xctest */ = {isa = PBXFileReference; explicitFileType = wrapper.cfbundle; includeInIndex = 0; path = VerseaUITests.xctest; sourceTree = BUILT_PRODUCTS_DIR; };
		8CC4FE202C9738A00080CC54 /* VerseaUITests.swift */ = {isa = PBXFileReference; lastKnownFileType = sourcecode.swift; path = VerseaUITests.swift; sourceTree = "<group>"; };
		8CC4FE222C9738A00080CC54 /* VerseaUITestsLaunchTests.swift */ = {isa = PBXFileReference; lastKnownFileType = sourcecode.swift; path = VerseaUITestsLaunchTests.swift; sourceTree = "<group>"; };
/* End PBXFileReference section */

/* Begin PBXFrameworksBuildPhase section */
		8CC4FDFC2C97389E0080CC54 /* Frameworks */ = {
			isa = PBXFrameworksBuildPhase;
			buildActionMask = 2147483647;
			files = (
			);
			runOnlyForDeploymentPostprocessing = 0;
		};
		8CC4FE0F2C9738A00080CC54 /* Frameworks */ = {
			isa = PBXFrameworksBuildPhase;
			buildActionMask = 2147483647;
			files = (
			);
			runOnlyForDeploymentPostprocessing = 0;
		};
		8CC4FE192C9738A00080CC54 /* Frameworks */ = {
			isa = PBXFrameworksBuildPhase;
			buildActionMask = 2147483647;
			files = (
			);
			runOnlyForDeploymentPostprocessing = 0;
		};
/* End PBXFrameworksBuildPhase section */

/* Begin PBXGroup section */
		8CC4FDF62C97389E0080CC54 = {
			isa = PBXGroup;
			children = (
				8CC4FE012C97389E0080CC54 /* Versea */,
				8CC4FE152C9738A00080CC54 /* VerseaTests */,
				8CC4FE1F2C9738A00080CC54 /* VerseaUITests */,
				8CC4FE002C97389E0080CC54 /* Products */,
			);
			sourceTree = "<group>";
		};
		8CC4FE002C97389E0080CC54 /* Products */ = {
			isa = PBXGroup;
			children = (
				8CC4FDFF2C97389E0080CC54 /* Versea.app */,
				8CC4FE122C9738A00080CC54 /* VerseaTests.xctest */,
				8CC4FE1C2C9738A00080CC54 /* VerseaUITests.xctest */,
			);
			name = Products;
			sourceTree = "<group>";
		};
		8CC4FE012C97389E0080CC54 /* Versea */ = {
			isa = PBXGroup;
			children = (
				8CC4FE022C97389E0080CC54 /* VerseaApp.swift */,
				8CC4FE042C97389E0080CC54 /* ContentView.swift */,
				8CC4FE062C97389E0080CC54 /* Item.swift */,
				8CC4FE082C9738A00080CC54 /* Assets.xcassets */,
				8CC4FE0A2C9738A00080CC54 /* Versea.entitlements */,
				8CC4FE0B2C9738A00080CC54 /* Preview Content */,
			);
			path = Versea;
			sourceTree = "<group>";
		};
		8CC4FE0B2C9738A00080CC54 /* Preview Content */ = {
			isa = PBXGroup;
			children = (
				8CC4FE0C2C9738A00080CC54 /* Preview Assets.xcassets */,
			);
			path = "Preview Content";
			sourceTree = "<group>";
		};
		8CC4FE152C9738A00080CC54 /* VerseaTests */ = {
			isa = PBXGroup;
			children = (
				8CC4FE162C9738A00080CC54 /* VerseaTests.swift */,
			);
			path = VerseaTests;
			sourceTree = "<group>";
		};
		8CC4FE1F2C9738A00080CC54 /* VerseaUITests */ = {
			isa = PBXGroup;
			children = (
				8CC4FE202C9738A00080CC54 /* VerseaUITests.swift */,
				8CC4FE222C9738A00080CC54 /* VerseaUITestsLaunchTests.swift */,
			);
			path = VerseaUITests;
			sourceTree = "<group>";
		};
/* End PBXGroup section */

/* Begin PBXNativeTarget section */
		8CC4FDFE2C97389E0080CC54 /* Versea */ = {
			isa = PBXNativeTarget;
			buildConfigurationList = 8CC4FE262C9738A00080CC54 /* Build configuration list for PBXNativeTarget "Versea" */;
			buildPhases = (
				8CC4FDFB2C97389E0080CC54 /* Sources */,
				8CC4FDFC2C97389E0080CC54 /* Frameworks */,
				8CC4FDFD2C97389E0080CC54 /* Resources */,
			);
			buildRules = (
			);
			dependencies = (
			);
			name = Versea;
			productName = Versea;
			productReference = 8CC4FDFF2C97389E0080CC54 /* Versea.app */;
			productType = "com.apple.product-type.application";
		};
		8CC4FE112C9738A00080CC54 /* VerseaTests */ = {
			isa = PBXNativeTarget;
			buildConfigurationList = 8CC4FE292C9738A00080CC54 /* Build configuration list for PBXNativeTarget "VerseaTests" */;
			buildPhases = (
				8CC4FE0E2C9738A00080CC54 /* Sources */,
				8CC4FE0F2C9738A00080CC54 /* Frameworks */,
				8CC4FE102C9738A00080CC54 /* Resources */,
			);
			buildRules = (
			);
			dependencies = (
				8CC4FE142C9738A00080CC54 /* PBXTargetDependency */,
			);
			name = VerseaTests;
			productName = VerseaTests;
			productReference = 8CC4FE122C9738A00080CC54 /* VerseaTests.xctest */;
			productType = "com.apple.product-type.bundle.unit-test";
		};
		8CC4FE1B2C9738A00080CC54 /* VerseaUITests */ = {
			isa = PBXNativeTarget;
			buildConfigurationList = 8CC4FE2C2C9738A00080CC54 /* Build configuration list for PBXNativeTarget "VerseaUITests" */;
			buildPhases = (
				8CC4FE182C9738A00080CC54 /* Sources */,
				8CC4FE192C9738A00080CC54 /* Frameworks */,
				8CC4FE1A2C9738A00080CC54 /* Resources */,
			);
			buildRules = (
			);
			dependencies = (
				8CC4FE1E2C9738A00080CC54 /* PBXTargetDependency */,
			);
			name = VerseaUITests;
			productName = VerseaUITests;
			productReference = 8CC4FE1C2C9738A00080CC54 /* VerseaUITests.xctest */;
			productType = "com.apple.product-type.bundle.ui-testing";
		};
/* End PBXNativeTarget section */

/* Begin PBXProject section */
		8CC4FDF72C97389E0080CC54 /* Project object */ = {
			isa = PBXProject;
			attributes = {
				BuildIndependentTargetsInParallel = 1;
				LastSwiftUpdateCheck = 1540;
				LastUpgradeCheck = 1540;
				TargetAttributes = {
					8CC4FDFE2C97389E0080CC54 = {
						CreatedOnToolsVersion = 15.4;
					};
					8CC4FE112C9738A00080CC54 = {
						CreatedOnToolsVersion = 15.4;
						TestTargetID = 8CC4FDFE2C97389E0080CC54;
					};
					8CC4FE1B2C9738A00080CC54 = {
						CreatedOnToolsVersion = 15.4;
						TestTargetID = 8CC4FDFE2C97389E0080CC54;
					};
				};
			};
			buildConfigurationList = 8CC4FDFA2C97389E0080CC54 /* Build configuration list for PBXProject "Versea" */;
			compatibilityVersion = "Xcode 14.0";
			developmentRegion = en;
			hasScannedForEncodings = 0;
			knownRegions = (
				en,
				Base,
			);
			mainGroup = 8CC4FDF62C97389E0080CC54;
			productRefGroup = 8CC4FE002C97389E0080CC54 /* Products */;
			projectDirPath = "";
			projectRoot = "";
			targets = (
				8CC4FDFE2C97389E0080CC54 /* Versea */,
				8CC4FE112C9738A00080CC54 /* VerseaTests */,
				8CC4FE1B2C9738A00080CC54 /* VerseaUITests */,
			);
		};
/* End PBXProject section */

/* Begin PBXResourcesBuildPhase section */
		8CC4FDFD2C97389E0080CC54 /* Resources */ = {
			isa = PBXResourcesBuildPhase;
			buildActionMask = 2147483647;
			files = (
				8CC4FE0D2C9738A00080CC54 /* Preview Assets.xcassets in Resources */,
				8CC4FE092C9738A00080CC54 /* Assets.xcassets in Resources */,
			);
			runOnlyForDeploymentPostprocessing = 0;
		};
		8CC4FE102C9738A00080CC54 /* Resources */ = {
			isa = PBXResourcesBuildPhase;
			buildActionMask = 2147483647;
			files = (
			);
			runOnlyForDeploymentPostprocessing = 0;
		};
		8CC4FE1A2C9738A00080CC54 /* Resources */ = {
			isa = PBXResourcesBuildPhase;
			buildActionMask = 2147483647;
			files = (
			);
			runOnlyForDeploymentPostprocessing = 0;
		};
/* End PBXResourcesBuildPhase section */

/* Begin PBXSourcesBuildPhase section */
		8CC4FDFB2C97389E0080CC54 /* Sources */ = {
			isa = PBXSourcesBuildPhase;
			buildActionMask = 2147483647;
			files = (
				8CC4FE052C97389E0080CC54 /* ContentView.swift in Sources */,
				8CC4FE072C97389E0080CC54 /* Item.swift in Sources */,
				8CC4FE032C97389E0080CC54 /* VerseaApp.swift in Sources */,
			);
			runOnlyForDeploymentPostprocessing = 0;
		};
		8CC4FE0E2C9738A00080CC54 /* Sources */ = {
			isa = PBXSourcesBuildPhase;
			buildActionMask = 2147483647;
			files = (
				8CC4FE172C9738A00080CC54 /* VerseaTests.swift in Sources */,
			);
			runOnlyForDeploymentPostprocessing = 0;
		};
		8CC4FE182C9738A00080CC54 /* Sources */ = {
			isa = PBXSourcesBuildPhase;
			buildActionMask = 2147483647;
			files = (
				8CC4FE232C9738A00080CC54 /* VerseaUITestsLaunchTests.swift in Sources */,
				8CC4FE212C9738A00080CC54 /* VerseaUITests.swift in Sources */,
			);
			runOnlyForDeploymentPostprocessing = 0;
		};
/* End PBXSourcesBuildPhase section */

/* Begin PBXTargetDependency section */
		8CC4FE142C9738A00080CC54 /* PBXTargetDependency */ = {
			isa = PBXTargetDependency;
			target = 8CC4FDFE2C97389E0080CC54 /* Versea */;
			targetProxy = 8CC4FE132C9738A00080CC54 /* PBXContainerItemProxy */;
		};
		8CC4FE1E2C9738A00080CC54 /* PBXTargetDependency */ = {
			isa = PBXTargetDependency;
			target = 8CC4FDFE2C97389E0080CC54 /* Versea */;
			targetProxy = 8CC4FE1D2C9738A00080CC54 /* PBXContainerItemProxy */;
		};
/* End PBXTargetDependency section */

/* Begin XCBuildConfiguration section */
		8CC4FE242C9738A00080CC54 /* Debug */ = {
			isa = XCBuildConfiguration;
			buildSettings = {
				ALWAYS_SEARCH_USER_PATHS = NO;
				ASSETCATALOG_COMPILER_GENERATE_SWIFT_ASSET_SYMBOL_EXTENSIONS = YES;
				CLANG_ANALYZER_NONNULL = YES;
				CLANG_ANALYZER_NUMBER_OBJECT_CONVERSION = YES_AGGRESSIVE;
				CLANG_CXX_LANGUAGE_STANDARD = "gnu++20";
				CLANG_ENABLE_MODULES = YES;
				CLANG_ENABLE_OBJC_ARC = YES;
				CLANG_ENABLE_OBJC_WEAK = YES;
				CLANG_WARN_BLOCK_CAPTURE_AUTORELEASING = YES;
				CLANG_WARN_BOOL_CONVERSION = YES;
				CLANG_WARN_COMMA = YES;
				CLANG_WARN_CONSTANT_CONVERSION = YES;
				CLANG_WARN_DEPRECATED_OBJC_IMPLEMENTATIONS = YES;
				CLANG_WARN_DIRECT_OBJC_ISA_USAGE = YES_ERROR;
				CLANG_WARN_DOCUMENTATION_COMMENTS = YES;
				CLANG_WARN_EMPTY_BODY = YES;
				CLANG_WARN_ENUM_CONVERSION = YES;
				CLANG_WARN_INFINITE_RECURSION = YES;
				CLANG_WARN_INT_CONVERSION = YES;
				CLANG_WARN_NON_LITERAL_NULL_CONVERSION = YES;
				CLANG_WARN_OBJC_IMPLICIT_RETAIN_SELF = YES;
				CLANG_WARN_OBJC_LITERAL_CONVERSION = YES;
				CLANG_WARN_OBJC_ROOT_CLASS = YES_ERROR;
				CLANG_WARN_QUOTED_INCLUDE_IN_FRAMEWORK_HEADER = YES;
				CLANG_WARN_RANGE_LOOP_ANALYSIS = YES;
				CLANG_WARN_STRICT_PROTOTYPES = YES;
				CLANG_WARN_SUSPICIOUS_MOVE = YES;
				CLANG_WARN_UNGUARDED_AVAILABILITY = YES_AGGRESSIVE;
				CLANG_WARN_UNREACHABLE_CODE = YES;
				CLANG_WARN__DUPLICATE_METHOD_MATCH = YES;
				COPY_PHASE_STRIP = NO;
				DEBUG_INFORMATION_FORMAT = dwarf;
				ENABLE_STRICT_OBJC_MSGSEND = YES;
				ENABLE_TESTABILITY = YES;
				ENABLE_USER_SCRIPT_SANDBOXING = YES;
				GCC_C_LANGUAGE_STANDARD = gnu17;
				GCC_DYNAMIC_NO_PIC = NO;
				GCC_NO_COMMON_BLOCKS = YES;
				GCC_OPTIMIZATION_LEVEL = 0;
				GCC_PREPROCESSOR_DEFINITIONS = (
					"DEBUG=1",
					"$(inherited)",
				);
				GCC_WARN_64_TO_32_BIT_CONVERSION = YES;
				GCC_WARN_ABOUT_RETURN_TYPE = YES_ERROR;
				GCC_WARN_UNDECLARED_SELECTOR = YES;
				GCC_WARN_UNINITIALIZED_AUTOS = YES_AGGRESSIVE;
				GCC_WARN_UNUSED_FUNCTION = YES;
				GCC_WARN_UNUSED_VARIABLE = YES;
				LOCALIZATION_PREFERS_STRING_CATALOGS = YES;
				MTL_ENABLE_DEBUG_INFO = INCLUDE_SOURCE;
				MTL_FAST_MATH = YES;
				ONLY_ACTIVE_ARCH = YES;
				SWIFT_ACTIVE_COMPILATION_CONDITIONS = "DEBUG $(inherited)";
				SWIFT_OPTIMIZATION_LEVEL = "-Onone";
			};
			name = Debug;
		};
		8CC4FE252C9738A00080CC54 /* Release */ = {
			isa = XCBuildConfiguration;
			buildSettings = {
				ALWAYS_SEARCH_USER_PATHS = NO;
				ASSETCATALOG_COMPILER_GENERATE_SWIFT_ASSET_SYMBOL_EXTENSIONS = YES;
				CLANG_ANALYZER_NONNULL = YES;
				CLANG_ANALYZER_NUMBER_OBJECT_CONVERSION = YES_AGGRESSIVE;
				CLANG_CXX_LANGUAGE_STANDARD = "gnu++20";
				CLANG_ENABLE_MODULES = YES;
				CLANG_ENABLE_OBJC_ARC = YES;
				CLANG_ENABLE_OBJC_WEAK = YES;
				CLANG_WARN_BLOCK_CAPTURE_AUTORELEASING = YES;
				CLANG_WARN_BOOL_CONVERSION = YES;
				CLANG_WARN_COMMA = YES;
				CLANG_WARN_CONSTANT_CONVERSION = YES;
				CLANG_WARN_DEPRECATED_OBJC_IMPLEMENTATIONS = YES;
				CLANG_WARN_DIRECT_OBJC_ISA_USAGE = YES_ERROR;
				CLANG_WARN_DOCUMENTATION_COMMENTS = YES;
				CLANG_WARN_EMPTY_BODY = YES;
				CLANG_WARN_ENUM_CONVERSION = YES;
				CLANG_WARN_INFINITE_RECURSION = YES;
				CLANG_WARN_INT_CONVERSION = YES;
				CLANG_WARN_NON_LITERAL_NULL_CONVERSION = YES;
				CLANG_WARN_OBJC_IMPLICIT_RETAIN_SELF = YES;
				CLANG_WARN_OBJC_LITERAL_CONVERSION = YES;
				CLANG_WARN_OBJC_ROOT_CLASS = YES_ERROR;
				CLANG_WARN_QUOTED_INCLUDE_IN_FRAMEWORK_HEADER = YES;
				CLANG_WARN_RANGE_LOOP_ANALYSIS = YES;
				CLANG_WARN_STRICT_PROTOTYPES = YES;
				CLANG_WARN_SUSPICIOUS_MOVE = YES;
				CLANG_WARN_UNGUARDED_AVAILABILITY = YES_AGGRESSIVE;
				CLANG_WARN_UNREACHABLE_CODE = YES;
				CLANG_WARN__DUPLICATE_METHOD_MATCH = YES;
				COPY_PHASE_STRIP = NO;
				DEBUG_INFORMATION_FORMAT = "dwarf-with-dsym";
				ENABLE_NS_ASSERTIONS = NO;
				ENABLE_STRICT_OBJC_MSGSEND = YES;
				ENABLE_USER_SCRIPT_SANDBOXING = YES;
				GCC_C_LANGUAGE_STANDARD = gnu17;
				GCC_NO_COMMON_BLOCKS = YES;
				GCC_WARN_64_TO_32_BIT_CONVERSION = YES;
				GCC_WARN_ABOUT_RETURN_TYPE = YES_ERROR;
				GCC_WARN_UNDECLARED_SELECTOR = YES;
				GCC_WARN_UNINITIALIZED_AUTOS = YES_AGGRESSIVE;
				GCC_WARN_UNUSED_FUNCTION = YES;
				GCC_WARN_UNUSED_VARIABLE = YES;
				LOCALIZATION_PREFERS_STRING_CATALOGS = YES;
				MTL_ENABLE_DEBUG_INFO = NO;
				MTL_FAST_MATH = YES;
				SWIFT_COMPILATION_MODE = wholemodule;
			};
			name = Release;
		};
		8CC4FE272C9738A00080CC54 /* Debug */ = {
			isa = XCBuildConfiguration;
			buildSettings = {
				ASSETCATALOG_COMPILER_APPICON_NAME = AppIcon;
				ASSETCATALOG_COMPILER_GLOBAL_ACCENT_COLOR_NAME = AccentColor;
				CODE_SIGN_ENTITLEMENTS = Versea/Versea.entitlements;
				CODE_SIGN_STYLE = Automatic;
				CURRENT_PROJECT_VERSION = 1;
				DEVELOPMENT_ASSET_PATHS = "\"Versea/Preview Content\"";
				DEVELOPMENT_TEAM = 6SBSQ453L7;
				ENABLE_HARDENED_RUNTIME = YES;
				ENABLE_PREVIEWS = YES;
				GENERATE_INFOPLIST_FILE = YES;
				"INFOPLIST_KEY_UIApplicationSceneManifest_Generation[sdk=iphoneos*]" = YES;
				"INFOPLIST_KEY_UIApplicationSceneManifest_Generation[sdk=iphonesimulator*]" = YES;
				"INFOPLIST_KEY_UIApplicationSupportsIndirectInputEvents[sdk=iphoneos*]" = YES;
				"INFOPLIST_KEY_UIApplicationSupportsIndirectInputEvents[sdk=iphonesimulator*]" = YES;
				"INFOPLIST_KEY_UILaunchScreen_Generation[sdk=iphoneos*]" = YES;
				"INFOPLIST_KEY_UILaunchScreen_Generation[sdk=iphonesimulator*]" = YES;
				"INFOPLIST_KEY_UIStatusBarStyle[sdk=iphoneos*]" = UIStatusBarStyleDefault;
				"INFOPLIST_KEY_UIStatusBarStyle[sdk=iphonesimulator*]" = UIStatusBarStyleDefault;
				INFOPLIST_KEY_UISupportedInterfaceOrientations_iPad = "UIInterfaceOrientationPortrait UIInterfaceOrientationPortraitUpsideDown UIInterfaceOrientationLandscapeLeft UIInterfaceOrientationLandscapeRight";
				INFOPLIST_KEY_UISupportedInterfaceOrientations_iPhone = "UIInterfaceOrientationPortrait UIInterfaceOrientationLandscapeLeft UIInterfaceOrientationLandscapeRight";
				IPHONEOS_DEPLOYMENT_TARGET = 17.5;
				LD_RUNPATH_SEARCH_PATHS = "@executable_path/Frameworks";
				"LD_RUNPATH_SEARCH_PATHS[sdk=macosx*]" = "@executable_path/../Frameworks";
				MACOSX_DEPLOYMENT_TARGET = 14.0;
				MARKETING_VERSION = 1.0;
				PRODUCT_BUNDLE_IDENTIFIER = No.Versea;
				PRODUCT_NAME = "$(TARGET_NAME)";
				SDKROOT = auto;
				SUPPORTED_PLATFORMS = "iphoneos iphonesimulator macosx";
				SWIFT_EMIT_LOC_STRINGS = YES;
				SWIFT_VERSION = 5.0;
				TARGETED_DEVICE_FAMILY = "1,2";
			};
			name = Debug;
		};
		8CC4FE282C9738A00080CC54 /* Release */ = {
			isa = XCBuildConfiguration;
			buildSettings = {
				ASSETCATALOG_COMPILER_APPICON_NAME = AppIcon;
				ASSETCATALOG_COMPILER_GLOBAL_ACCENT_COLOR_NAME = AccentColor;
				CODE_SIGN_ENTITLEMENTS = Versea/Versea.entitlements;
				CODE_SIGN_STYLE = Automatic;
				CURRENT_PROJECT_VERSION = 1;
				DEVELOPMENT_ASSET_PATHS = "\"Versea/Preview Content\"";
				DEVELOPMENT_TEAM = 6SBSQ453L7;
				ENABLE_HARDENED_RUNTIME = YES;
				ENABLE_PREVIEWS = YES;
				GENERATE_INFOPLIST_FILE = YES;
				"INFOPLIST_KEY_UIApplicationSceneManifest_Generation[sdk=iphoneos*]" = YES;
				"INFOPLIST_KEY_UIApplicationSceneManifest_Generation[sdk=iphonesimulator*]" = YES;
				"INFOPLIST_KEY_UIApplicationSupportsIndirectInputEvents[sdk=iphoneos*]" = YES;
				"INFOPLIST_KEY_UIApplicationSupportsIndirectInputEvents[sdk=iphonesimulator*]" = YES;
				"INFOPLIST_KEY_UILaunchScreen_Generation[sdk=iphoneos*]" = YES;
				"INFOPLIST_KEY_UILaunchScreen_Generation[sdk=iphonesimulator*]" = YES;
				"INFOPLIST_KEY_UIStatusBarStyle[sdk=iphoneos*]" = UIStatusBarStyleDefault;
				"INFOPLIST_KEY_UIStatusBarStyle[sdk=iphonesimulator*]" = UIStatusBarStyleDefault;
				INFOPLIST_KEY_UISupportedInterfaceOrientations_iPad = "UIInterfaceOrientationPortrait UIInterfaceOrientationPortraitUpsideDown UIInterfaceOrientationLandscapeLeft UIInterfaceOrientationLandscapeRight";
				INFOPLIST_KEY_UISupportedInterfaceOrientations_iPhone = "UIInterfaceOrientationPortrait UIInterfaceOrientationLandscapeLeft UIInterfaceOrientationLandscapeRight";
				IPHONEOS_DEPLOYMENT_TARGET = 17.5;
				LD_RUNPATH_SEARCH_PATHS = "@executable_path/Frameworks";
				"LD_RUNPATH_SEARCH_PATHS[sdk=macosx*]" = "@executable_path/../Frameworks";
				MACOSX_DEPLOYMENT_TARGET = 14.0;
				MARKETING_VERSION = 1.0;
				PRODUCT_BUNDLE_IDENTIFIER = No.Versea;
				PRODUCT_NAME = "$(TARGET_NAME)";
				SDKROOT = auto;
				SUPPORTED_PLATFORMS = "iphoneos iphonesimulator macosx";
				SWIFT_EMIT_LOC_STRINGS = YES;
				SWIFT_VERSION = 5.0;
				TARGETED_DEVICE_FAMILY = "1,2";
			};
			name = Release;
		};
		8CC4FE2A2C9738A00080CC54 /* Debug */ = {
			isa = XCBuildConfiguration;
			buildSettings = {
				ALWAYS_EMBED_SWIFT_STANDARD_LIBRARIES = YES;
				BUNDLE_LOADER = "$(TEST_HOST)";
				CODE_SIGN_STYLE = Automatic;
				CURRENT_PROJECT_VERSION = 1;
				DEVELOPMENT_TEAM = 6SBSQ453L7;
				GENERATE_INFOPLIST_FILE = YES;
				IPHONEOS_DEPLOYMENT_TARGET = 17.5;
				MACOSX_DEPLOYMENT_TARGET = 14.5;
				MARKETING_VERSION = 1.0;
				PRODUCT_BUNDLE_IDENTIFIER = No.VerseaTests;
				PRODUCT_NAME = "$(TARGET_NAME)";
				SDKROOT = auto;
				SUPPORTED_PLATFORMS = "iphoneos iphonesimulator macosx";
				SWIFT_EMIT_LOC_STRINGS = NO;
				SWIFT_VERSION = 5.0;
				TARGETED_DEVICE_FAMILY = "1,2";
				TEST_HOST = "$(BUILT_PRODUCTS_DIR)/Versea.app/$(BUNDLE_EXECUTABLE_FOLDER_PATH)/Versea";
			};
			name = Debug;
		};
		8CC4FE2B2C9738A00080CC54 /* Release */ = {
			isa = XCBuildConfiguration;
			buildSettings = {
				ALWAYS_EMBED_SWIFT_STANDARD_LIBRARIES = YES;
				BUNDLE_LOADER = "$(TEST_HOST)";
				CODE_SIGN_STYLE = Automatic;
				CURRENT_PROJECT_VERSION = 1;
				DEVELOPMENT_TEAM = 6SBSQ453L7;
				GENERATE_INFOPLIST_FILE = YES;
				IPHONEOS_DEPLOYMENT_TARGET = 17.5;
				MACOSX_DEPLOYMENT_TARGET = 14.5;
				MARKETING_VERSION = 1.0;
				PRODUCT_BUNDLE_IDENTIFIER = No.VerseaTests;
				PRODUCT_NAME = "$(TARGET_NAME)";
				SDKROOT = auto;
				SUPPORTED_PLATFORMS = "iphoneos iphonesimulator macosx";
				SWIFT_EMIT_LOC_STRINGS = NO;
				SWIFT_VERSION = 5.0;
				TARGETED_DEVICE_FAMILY = "1,2";
				TEST_HOST = "$(BUILT_PRODUCTS_DIR)/Versea.app/$(BUNDLE_EXECUTABLE_FOLDER_PATH)/Versea";
			};
			name = Release;
		};
		8CC4FE2D2C9738A00080CC54 /* Debug */ = {
			isa = XCBuildConfiguration;
			buildSettings = {
				ALWAYS_EMBED_SWIFT_STANDARD_LIBRARIES = YES;
				CODE_SIGN_STYLE = Automatic;
				CURRENT_PROJECT_VERSION = 1;
				DEVELOPMENT_TEAM = 6SBSQ453L7;
				GENERATE_INFOPLIST_FILE = YES;
				IPHONEOS_DEPLOYMENT_TARGET = 17.5;
				MACOSX_DEPLOYMENT_TARGET = 14.5;
				MARKETING_VERSION = 1.0;
				PRODUCT_BUNDLE_IDENTIFIER = No.VerseaUITests;
				PRODUCT_NAME = "$(TARGET_NAME)";
				SDKROOT = auto;
				SUPPORTED_PLATFORMS = "iphoneos iphonesimulator macosx";
				SWIFT_EMIT_LOC_STRINGS = NO;
				SWIFT_VERSION = 5.0;
				TARGETED_DEVICE_FAMILY = "1,2";
				TEST_TARGET_NAME = Versea;
			};
			name = Debug;
		};
		8CC4FE2E2C9738A00080CC54 /* Release */ = {
			isa = XCBuildConfiguration;
			buildSettings = {
				ALWAYS_EMBED_SWIFT_STANDARD_LIBRARIES = YES;
				CODE_SIGN_STYLE = Automatic;
				CURRENT_PROJECT_VERSION = 1;
				DEVELOPMENT_TEAM = 6SBSQ453L7;
				GENERATE_INFOPLIST_FILE = YES;
				IPHONEOS_DEPLOYMENT_TARGET = 17.5;
				MACOSX_DEPLOYMENT_TARGET = 14.5;
				MARKETING_VERSION = 1.0;
				PRODUCT_BUNDLE_IDENTIFIER = No.VerseaUITests;
				PRODUCT_NAME = "$(TARGET_NAME)";
				SDKROOT = auto;
				SUPPORTED_PLATFORMS = "iphoneos iphonesimulator macosx";
				SWIFT_EMIT_LOC_STRINGS = NO;
				SWIFT_VERSION = 5.0;
				TARGETED_DEVICE_FAMILY = "1,2";
				TEST_TARGET_NAME = Versea;
			};
			name = Release;
		};
/* End XCBuildConfiguration section */

/* Begin XCConfigurationList section */
		8CC4FDFA2C97389E0080CC54 /* Build configuration list for PBXProject "Versea" */ = {
			isa = XCConfigurationList;
			buildConfigurations = (
				8CC4FE242C9738A00080CC54 /* Debug */,
				8CC4FE252C9738A00080CC54 /* Release */,
			);
			defaultConfigurationIsVisible = 0;
			defaultConfigurationName = Release;
		};
		8CC4FE262C9738A00080CC54 /* Build configuration list for PBXNativeTarget "Versea" */ = {
			isa = XCConfigurationList;
			buildConfigurations = (
				8CC4FE272C9738A00080CC54 /* Debug */,
				8CC4FE282C9738A00080CC54 /* Release */,
			);
			defaultConfigurationIsVisible = 0;
			defaultConfigurationName = Release;
		};
		8CC4FE292C9738A00080CC54 /* Build configuration list for PBXNativeTarget "VerseaTests" */ = {
			isa = XCConfigurationList;
			buildConfigurations = (
				8CC4FE2A2C9738A00080CC54 /* Debug */,
				8CC4FE2B2C9738A00080CC54 /* Release */,
			);
			defaultConfigurationIsVisible = 0;
			defaultConfigurationName = Release;
		};
		8CC4FE2C2C9738A00080CC54 /* Build configuration list for PBXNativeTarget "VerseaUITests" */ = {
			isa = XCConfigurationList;
			buildConfigurations = (
				8CC4FE2D2C9738A00080CC54 /* Debug */,
				8CC4FE2E2C9738A00080CC54 /* Release */,
			);
			defaultConfigurationIsVisible = 0;
			defaultConfigurationName = Release;
		};
/* End XCConfigurationList section */
	};
	rootObject = 8CC4FDF72C97389E0080CC54 /* Project object */;
}
